{
    "_meta": {
        "hash": {
            "sha256": "fd7bae4f2ea0fbb6424738407f17348fbb612a2ee23df10456c0a9fb39c0c238"
        },
        "pipfile-spec": 6,
        "requires": {
            "python_version": "3.7"
        },
        "sources": [
            {
                "name": "pypi",
                "url": "https://pypi.org/simple",
                "verify_ssl": true
            }
        ]
    },
    "default": {
        "certifi": {
            "hashes": [
                "sha256:046832c04d4e752f37383b628bc601a7ea7211496b4638f6514d0e5b9acc4939",
                "sha256:945e3ba63a0b9f577b1395204e13c3a231f9bc0223888be653286534e5873695"
            ],
            "index": "pypi",
            "version": "==2019.6.16"
        },
        "chardet": {
            "hashes": [
                "sha256:84ab92ed1c4d4f16916e05906b6b75a6c0fb5db821cc65e70cbd64a3e2a5eaae",
                "sha256:fc323ffcaeaed0e0a02bf4d117757b98aed530d9ed4531e3e15460124c106691"
            ],
            "index": "pypi",
            "version": "==3.0.4"
        },
        "configparser": {
            "hashes": [
                "sha256:45d1272aad6cfd7a8a06cf5c73f2ceb6a190f6acc1fa707e7f82a4c053b28b18",
                "sha256:bc37850f0cc42a1725a796ef7d92690651bf1af37d744cc63161dac62cabee17"
            ],
            "index": "pypi",
            "version": "==3.8.1"
        },
        "idna": {
            "hashes": [
                "sha256:c357b3f628cf53ae2c4c05627ecc484553142ca23264e593d327bcde5e9c3407",
                "sha256:ea8b7f6188e6fa117537c3df7da9fc686d485087abf6ac197f9c46432f7e4a3c"
            ],
            "index": "pypi",
            "version": "==2.8"
        },
        "pyodbc": {
            "hashes": [
                "sha256:1b87eddbd50a8ef2703ca98dae69e3c83b04aaa7be0f5ae2d8a16fc56f6fe33c",
                "sha256:2b5628e1bb56e60f22514b058b591a60b013fcfa5c6d712265608cc0e089a2cd",
                "sha256:3e4a24a5136f631b7097f1fd457cb9c4f4fed2e92101f98040b6d09f7b71eb52",
                "sha256:52a3a0bc7907cdc0445678c31504cdabfde5ca7b045861ab1182f32064ff9b57",
                "sha256:561a09f26bc3d7dfb1289758c5986ed2dffd5a255cbbca691f23b65089290585",
                "sha256:7272ddd060f98bfe4bcb932a82054bdee1f93b22df521b6279dd45b9af75d046",
                "sha256:7340c360d40f7b28de1f331a7737cdea0429982651ab09014942d62acb08a7c2",
                "sha256:ad442d09a22cf9cdf196747536c66655e0c0aa26acb6d011310bf7be1c8b4395",
                "sha256:b213a6a4f0e8edcb6fb4fba39c0f55352f59a37fe4d423fd6c1c30396bd92434",
                "sha256:b7cd40840645f44c0aca5ea58d501c4d06621d1f1ec261c43e4d72e0a0aa37b4",
                "sha256:c059fda16b106b3cd6715ee4e2b863b367e567fd17f8eba8f1a47e5d3d1c2457",
                "sha256:c348a3767fc7c729a541bb3a8cf12e944153f715c50fc7898aa7ab2e26b350ec",
                "sha256:cc47196dec430c9832ea5349eacbb3942431eff4b3432fc2a146013715ba9862",
                "sha256:f1fd237342fe1d716f00cb09cbf6d84c4e7efb011361a662a8480e27d8f5bba0"
            ],
            "index": "pypi",
            "version": "==4.0.27"
        },
        "requests": {
            "hashes": [
                "sha256:11e007a8a2aa0323f5a921e9e6a2d7e4e67d9877e85773fba9ba6419025cbeb4",
                "sha256:9cf5292fcd0f598c671cfc1e0d7d1a7f13bb8085e9a590f48c010551dc6c4b31"
            ],
            "index": "pypi",
            "version": "==2.22.0"
        },
        "urllib3": {
            "hashes": [
                "sha256:2f3db8b19923a873b3e5256dc9c2dedfa883e33d87c690d9c7913e1f40673cdc",
                "sha256:87716c2d2a7121198ebcb7ce7cccf6ce5e9ba539041cfbaeecfb641dc0bf6acc"
            ],
            "index": "pypi",
            "version": "==1.25.8"
        }
    },
    "develop": {
        "altgraph": {
            "hashes": [
                "sha256:1f05a47122542f97028caf78775a095fbe6a2699b5089de8477eb583167d69aa",
                "sha256:c623e5f3408ca61d4016f23a681b9adb100802ca3e3da5e718915a9e4052cebe"
            ],
            "version": "==0.17"
        },
        "pyinstaller": {
            "hashes": [
                "sha256:ee7504022d1332a3324250faf2135ea56ac71fdb6309cff8cd235de26b1d0a96"
            ],
            "index": "pypi",
            "version": "==3.5"
        }
    }
}
